// !$*UTF8*$!
{
	archiveVersion = 1;
	classes = {
	};
	objectVersion = 50;
	objects = {

/* Begin PBXBuildFile section */
		40626C99220188BD00A8E74B /* AppDelegate.swift in Sources */ = {isa = PBXBuildFile; fileRef = 40626C98220188BD00A8E74B /* AppDelegate.swift */; };
		40626C9B220188BD00A8E74B /* ViewController.swift in Sources */ = {isa = PBXBuildFile; fileRef = 40626C9A220188BD00A8E74B /* ViewController.swift */; };
		40626C9E220188BD00A8E74B /* Main.storyboard in Resources */ = {isa = PBXBuildFile; fileRef = 40626C9C220188BD00A8E74B /* Main.storyboard */; };
		40626CA0220188BF00A8E74B /* Assets.xcassets in Resources */ = {isa = PBXBuildFile; fileRef = 40626C9F220188BF00A8E74B /* Assets.xcassets */; };
		40626CA3220188BF00A8E74B /* LaunchScreen.storyboard in Resources */ = {isa = PBXBuildFile; fileRef = 40626CA1220188BF00A8E74B /* LaunchScreen.storyboard */; };
		40626CAB220188DC00A8E74B /* README.md in Resources */ = {isa = PBXBuildFile; fileRef = 40626CAA220188DC00A8E74B /* README.md */; };
		40626CAD22018CA900A8E74B /* SettingVC.swift in Sources */ = {isa = PBXBuildFile; fileRef = 40626CAC22018CA900A8E74B /* SettingVC.swift */; };
		40626CB022019C7100A8E74B /* CoreLocation.framework in Frameworks */ = {isa = PBXBuildFile; fileRef = 40626CAF22019C7100A8E74B /* CoreLocation.framework */; };
		40626CB22201C06F00A8E74B /* Helper.swift in Sources */ = {isa = PBXBuildFile; fileRef = 40626CB12201C06F00A8E74B /* Helper.swift */; };
/* End PBXBuildFile section */

/* Begin PBXFileReference section */
		40626C95220188BD00A8E74B /* GeofencingSlate.app */ = {isa = PBXFileReference; explicitFileType = wrapper.application; includeInIndex = 0; path = GeofencingSlate.app; sourceTree = BUILT_PRODUCTS_DIR; };
		40626C98220188BD00A8E74B /* AppDelegate.swift */ = {isa = PBXFileReference; lastKnownFileType = sourcecode.swift; path = AppDelegate.swift; sourceTree = "<group>"; };
		40626C9A220188BD00A8E74B /* ViewController.swift */ = {isa = PBXFileReference; lastKnownFileType = sourcecode.swift; path = ViewController.swift; sourceTree = "<group>"; };
		40626C9D220188BD00A8E74B /* Base */ = {isa = PBXFileReference; lastKnownFileType = file.storyboard; name = Base; path = Base.lproj/Main.storyboard; sourceTree = "<group>"; };
		40626C9F220188BF00A8E74B /* Assets.xcassets */ = {isa = PBXFileReference; lastKnownFileType = folder.assetcatalog; path = Assets.xcassets; sourceTree = "<group>"; };
		40626CA2220188BF00A8E74B /* Base */ = {isa = PBXFileReference; lastKnownFileType = file.storyboard; name = Base; path = Base.lproj/LaunchScreen.storyboard; sourceTree = "<group>"; };
		40626CA4220188BF00A8E74B /* Info.plist */ = {isa = PBXFileReference; lastKnownFileType = text.plist.xml; path = Info.plist; sourceTree = "<group>"; };
		40626CAA220188DC00A8E74B /* README.md */ = {isa = PBXFileReference; lastKnownFileType = net.daringfireball.markdown; path = README.md; sourceTree = "<group>"; };
		40626CAC22018CA900A8E74B /* SettingVC.swift */ = {isa = PBXFileReference; lastKnownFileType = sourcecode.swift; path = SettingVC.swift; sourceTree = "<group>"; };
		40626CAF22019C7100A8E74B /* CoreLocation.framework */ = {isa = PBXFileReference; lastKnownFileType = wrapper.framework; name = CoreLocation.framework; path = System/Library/Frameworks/CoreLocation.framework; sourceTree = SDKROOT; };
		40626CB12201C06F00A8E74B /* Helper.swift */ = {isa = PBXFileReference; lastKnownFileType = sourcecode.swift; path = Helper.swift; sourceTree = "<group>"; };
/* End PBXFileReference section */

/* Begin PBXFrameworksBuildPhase section */
		40626C92220188BD00A8E74B /* Frameworks */ = {
			isa = PBXFrameworksBuildPhase;
			buildActionMask = 2147483647;
			files = (
				40626CB022019C7100A8E74B /* CoreLocation.framework in Frameworks */,
			);
			runOnlyForDeploymentPostprocessing = 0;
		};
/* End PBXFrameworksBuildPhase section */

/* Begin PBXGroup section */
		40626C8C220188BD00A8E74B = {
			isa = PBXGroup;
			children = (
				40626CAA220188DC00A8E74B /* README.md */,
				40626C97220188BD00A8E74B /* GeofencingSlate */,
				40626C96220188BD00A8E74B /* Products */,
				40626CAE22019C7100A8E74B /* Frameworks */,
			);
			sourceTree = "<group>";
		};
		40626C96220188BD00A8E74B /* Products */ = {
			isa = PBXGroup;
			children = (
				40626C95220188BD00A8E74B /* GeofencingSlate.app */,
			);
			name = Products;
			sourceTree = "<group>";
		};
		40626C97220188BD00A8E74B /* GeofencingSlate */ = {
			isa = PBXGroup;
			children = (
				40626CB12201C06F00A8E74B /* Helper.swift */,
				40626C98220188BD00A8E74B /* AppDelegate.swift */,
				40626C9A220188BD00A8E74B /* ViewController.swift */,
				40626CAC22018CA900A8E74B /* SettingVC.swift */,
				40626C9C220188BD00A8E74B /* Main.storyboard */,
				40626C9F220188BF00A8E74B /* Assets.xcassets */,
				40626CA1220188BF00A8E74B /* LaunchScreen.storyboard */,
				40626CA4220188BF00A8E74B /* Info.plist */,
			);
			path = GeofencingSlate;
			sourceTree = "<group>";
		};
		40626CAE22019C7100A8E74B /* Frameworks */ = {
			isa = PBXGroup;
			children = (
				40626CAF22019C7100A8E74B /* CoreLocation.framework */,
			);
			name = Frameworks;
			sourceTree = "<group>";
		};
/* End PBXGroup section */

/* Begin PBXNativeTarget section */
		40626C94220188BD00A8E74B /* GeofencingSlate */ = {
			isa = PBXNativeTarget;
			buildConfigurationList = 40626CA7220188BF00A8E74B /* Build configuration list for PBXNativeTarget "GeofencingSlate" */;
			buildPhases = (
				40626C91220188BD00A8E74B /* Sources */,
				40626C92220188BD00A8E74B /* Frameworks */,
				40626C93220188BD00A8E74B /* Resources */,
			);
			buildRules = (
			);
			dependencies = (
			);
			name = GeofencingSlate;
			productName = GeofencingSlate;
			productReference = 40626C95220188BD00A8E74B /* GeofencingSlate.app */;
			productType = "com.apple.product-type.application";
		};
/* End PBXNativeTarget section */

/* Begin PBXProject section */
		40626C8D220188BD00A8E74B /* Project object */ = {
			isa = PBXProject;
			attributes = {
				LastSwiftUpdateCheck = 1000;
				LastUpgradeCheck = 1000;
				ORGANIZATIONNAME = myself;
				TargetAttributes = {
					40626C94220188BD00A8E74B = {
						CreatedOnToolsVersion = 10.0;
					};
				};
			};
			buildConfigurationList = 40626C90220188BD00A8E74B /* Build configuration list for PBXProject "GeofencingSlate" */;
			compatibilityVersion = "Xcode 9.3";
			developmentRegion = en;
			hasScannedForEncodings = 0;
			knownRegions = (
				en,
				Base,
			);
			mainGroup = 40626C8C220188BD00A8E74B;
			productRefGroup = 40626C96220188BD00A8E74B /* Products */;
			projectDirPath = "";
			projectRoot = "";
			targets = (
				40626C94220188BD00A8E74B /* GeofencingSlate */,
			);
		};
/* End PBXProject section */

/* Begin PBXResourcesBuildPhase section */
		40626C93220188BD00A8E74B /* Resources */ = {
			isa = PBXResourcesBuildPhase;
			buildActionMask = 2147483647;
			files = (
				40626CA3220188BF00A8E74B /* LaunchScreen.storyboard in Resources */,
				40626CA0220188BF00A8E74B /* Assets.xcassets in Resources */,
				40626CAB220188DC00A8E74B /* README.md in Resources */,
				40626C9E220188BD00A8E74B /* Main.storyboard in Resources */,
			);
			runOnlyForDeploymentPostprocessing = 0;
		};
/* End PBXResourcesBuildPhase section */

/* Begin PBXSourcesBuildPhase section */
		40626C91220188BD00A8E74B /* Sources */ = {
			isa = PBXSourcesBuildPhase;
			buildActionMask = 2147483647;
			files = (
				40626C9B220188BD00A8E74B /* ViewController.swift in Sources */,
				40626CAD22018CA900A8E74B /* SettingVC.swift in Sources */,
				40626C99220188BD00A8E74B /* AppDelegate.swift in Sources */,
				40626CB22201C06F00A8E74B /* Helper.swift in Sources */,
			);
			runOnlyForDeploymentPostprocessing = 0;
		};
/* End PBXSourcesBuildPhase section */

/* Begin PBXVariantGroup section */
		40626C9C220188BD00A8E74B /* Main.storyboard */ = {
			isa = PBXVariantGroup;
			children = (
				40626C9D220188BD00A8E74B /* Base */,
			);
			name = Main.storyboard;
			sourceTree = "<group>";
		};
		40626CA1220188BF00A8E74B /* LaunchScreen.storyboard */ = {
			isa = PBXVariantGroup;
			children = (
				40626CA2220188BF00A8E74B /* Base */,
			);
			name = LaunchScreen.storyboard;
			sourceTree = "<group>";
		};
/* End PBXVariantGroup section */

/* Begin XCBuildConfiguration section */
		40626CA5220188BF00A8E74B /* Debug */ = {
			isa = XCBuildConfiguration;
			buildSettings = {
				ALWAYS_SEARCH_USER_PATHS = NO;
				CLANG_ANALYZER_NONNULL = YES;
				CLANG_ANALYZER_NUMBER_OBJECT_CONVERSION = YES_AGGRESSIVE;
				CLANG_CXX_LANGUAGE_STANDARD = "gnu++14";
				CLANG_CXX_LIBRARY = "libc++";
				CLANG_ENABLE_MODULES = YES;
				CLANG_ENABLE_OBJC_ARC = YES;
				CLANG_ENABLE_OBJC_WEAK = YES;
				CLANG_WARN_BLOCK_CAPTURE_AUTORELEASING = YES;
				CLANG_WARN_BOOL_CONVERSION = YES;
				CLANG_WARN_COMMA = YES;
				CLANG_WARN_CONSTANT_CONVERSION = YES;
				CLANG_WARN_DEPRECATED_OBJC_IMPLEMENTATIONS = YES;
				CLANG_WARN_DIRECT_OBJC_ISA_USAGE = YES_ERROR;
				CLANG_WARN_DOCUMENTATION_COMMENTS = YES;
				CLANG_WARN_EMPTY_BODY = YES;
				CLANG_WARN_ENUM_CONVERSION = YES;
				CLANG_WARN_INFINITE_RECURSION = YES;
				CLANG_WARN_INT_CONVERSION = YES;
				CLANG_WARN_NON_LITERAL_NULL_CONVERSION = YES;
				CLANG_WARN_OBJC_IMPLICIT_RETAIN_SELF = YES;
				CLANG_WARN_OBJC_LITERAL_CONVERSION = YES;
				CLANG_WARN_OBJC_ROOT_CLASS = YES_ERROR;
				CLANG_WARN_RANGE_LOOP_ANALYSIS = YES;
				CLANG_WARN_STRICT_PROTOTYPES = YES;
				CLANG_WARN_SUSPICIOUS_MOVE = YES;
				CLANG_WARN_UNGUARDED_AVAILABILITY = YES_AGGRESSIVE;
				CLANG_WARN_UNREACHABLE_CODE = YES;
				CLANG_WARN__DUPLICATE_METHOD_MATCH = YES;
				CODE_SIGN_IDENTITY = "iPhone Developer";
				COPY_PHASE_STRIP = NO;
				DEBUG_INFORMATION_FORMAT = dwarf;
				ENABLE_STRICT_OBJC_MSGSEND = YES;
				ENABLE_TESTABILITY = YES;
				GCC_C_LANGUAGE_STANDARD = gnu11;
				GCC_DYNAMIC_NO_PIC = NO;
				GCC_NO_COMMON_BLOCKS = YES;
				GCC_OPTIMIZATION_LEVEL = 0;
				GCC_PREPROCESSOR_DEFINITIONS = (
					"DEBUG=1",
					"$(inherited)",
				);
				GCC_WARN_64_TO_32_BIT_CONVERSION = YES;
				GCC_WARN_ABOUT_RETURN_TYPE = YES_ERROR;
				GCC_WARN_UNDECLARED_SELECTOR = YES;
				GCC_WARN_UNINITIALIZED_AUTOS = YES_AGGRESSIVE;
				GCC_WARN_UNUSED_FUNCTION = YES;
				GCC_WARN_UNUSED_VARIABLE = YES;
				IPHONEOS_DEPLOYMENT_TARGET = 12.0;
				MTL_ENABLE_DEBUG_INFO = INCLUDE_SOURCE;
				MTL_FAST_MATH = YES;
				ONLY_ACTIVE_ARCH = YES;
				SDKROOT = iphoneos;
				SWIFT_ACTIVE_COMPILATION_CONDITIONS = DEBUG;
				SWIFT_OPTIMIZATION_LEVEL = "-Onone";
			};
			name = Debug;
		};
		40626CA6220188BF00A8E74B /* Release */ = {
			isa = XCBuildConfiguration;
			buildSettings = {
				ALWAYS_SEARCH_USER_PATHS = NO;
				CLANG_ANALYZER_NONNULL = YES;
				CLANG_ANALYZER_NUMBER_OBJECT_CONVERSION = YES_AGGRESSIVE;
				CLANG_CXX_LANGUAGE_STANDARD = "gnu++14";
				CLANG_CXX_LIBRARY = "libc++";
				CLANG_ENABLE_MODULES = YES;
				CLANG_ENABLE_OBJC_ARC = YES;
				CLANG_ENABLE_OBJC_WEAK = YES;
				CLANG_WARN_BLOCK_CAPTURE_AUTORELEASING = YES;
				CLANG_WARN_BOOL_CONVERSION = YES;
				CLANG_WARN_COMMA = YES;
				CLANG_WARN_CONSTANT_CONVERSION = YES;
				CLANG_WARN_DEPRECATED_OBJC_IMPLEMENTATIONS = YES;
				CLANG_WARN_DIRECT_OBJC_ISA_USAGE = YES_ERROR;
				CLANG_WARN_DOCUMENTATION_COMMENTS = YES;
				CLANG_WARN_EMPTY_BODY = YES;
				CLANG_WARN_ENUM_CONVERSION = YES;
				CLANG_WARN_INFINITE_RECURSION = YES;
				CLANG_WARN_INT_CONVERSION = YES;
				CLANG_WARN_NON_LITERAL_NULL_CONVERSION = YES;
				CLANG_WARN_OBJC_IMPLICIT_RETAIN_SELF = YES;
				CLANG_WARN_OBJC_LITERAL_CONVERSION = YES;
				CLANG_WARN_OBJC_ROOT_CLASS = YES_ERROR;
				CLANG_WARN_RANGE_LOOP_ANALYSIS = YES;
				CLANG_WARN_STRICT_PROTOTYPES = YES;
				CLANG_WARN_SUSPICIOUS_MOVE = YES;
				CLANG_WARN_UNGUARDED_AVAILABILITY = YES_AGGRESSIVE;
				CLANG_WARN_UNREACHABLE_CODE = YES;
				CLANG_WARN__DUPLICATE_METHOD_MATCH = YES;
				CODE_SIGN_IDENTITY = "iPhone Developer";
				COPY_PHASE_STRIP = NO;
				DEBUG_INFORMATION_FORMAT = "dwarf-with-dsym";
				ENABLE_NS_ASSERTIONS = NO;
				ENABLE_STRICT_OBJC_MSGSEND = YES;
				GCC_C_LANGUAGE_STANDARD = gnu11;
				GCC_NO_COMMON_BLOCKS = YES;
				GCC_WARN_64_TO_32_BIT_CONVERSION = YES;
				GCC_WARN_ABOUT_RETURN_TYPE = YES_ERROR;
				GCC_WARN_UNDECLARED_SELECTOR = YES;
				GCC_WARN_UNINITIALIZED_AUTOS = YES_AGGRESSIVE;
				GCC_WARN_UNUSED_FUNCTION = YES;
				GCC_WARN_UNUSED_VARIABLE = YES;
				IPHONEOS_DEPLOYMENT_TARGET = 12.0;
				MTL_ENABLE_DEBUG_INFO = NO;
				MTL_FAST_MATH = YES;
				SDKROOT = iphoneos;
				SWIFT_COMPILATION_MODE = wholemodule;
				SWIFT_OPTIMIZATION_LEVEL = "-O";
				VALIDATE_PRODUCT = YES;
			};
			name = Release;
		};
		40626CA8220188BF00A8E74B /* Debug */ = {
			isa = XCBuildConfiguration;
			buildSettings = {
				ASSETCATALOG_COMPILER_APPICON_NAME = AppIcon;
				CODE_SIGN_STYLE = Automatic;
				DEVELOPMENT_TEAM = RPK4XC758S;
				INFOPLIST_FILE = GeofencingSlate/Info.plist;
				IPHONEOS_DEPLOYMENT_TARGET = 11.0;
				LD_RUNPATH_SEARCH_PATHS = (
					"$(inherited)",
					"@executable_path/Frameworks",
				);
				PRODUCT_BUNDLE_IDENTIFIER = com.sl.geo;
				PRODUCT_NAME = "$(TARGET_NAME)";
				SWIFT_VERSION = 4.2;
				TARGETED_DEVICE_FAMILY = "1,2";
			};
			name = Debug;
		};
		40626CA9220188BF00A8E74B /* Release */ = {
			isa = XCBuildConfiguration;
			buildSettings = {
				ASSETCATALOG_COMPILER_APPICON_NAME = AppIcon;
				CODE_SIGN_STYLE = Automatic;
				DEVELOPMENT_TEAM = RPK4XC758S;
				INFOPLIST_FILE = GeofencingSlate/Info.plist;
				IPHONEOS_DEPLOYMENT_TARGET = 11.0;
				LD_RUNPATH_SEARCH_PATHS = (
					"$(inherited)",
					"@executable_path/Frameworks",
				);
				PRODUCT_BUNDLE_IDENTIFIER = com.sl.geo;
				PRODUCT_NAME = "$(TARGET_NAME)";
				SWIFT_VERSION = 4.2;
				TARGETED_DEVICE_FAMILY = "1,2";
			};
			name = Release;
		};
/* End XCBuildConfiguration section */

/* Begin XCConfigurationList section */
		40626C90220188BD00A8E74B /* Build configuration list for PBXProject "GeofencingSlate" */ = {
			isa = XCConfigurationList;
			buildConfigurations = (
				40626CA5220188BF00A8E74B /* Debug */,
				40626CA6220188BF00A8E74B /* Release */,
			);
			defaultConfigurationIsVisible = 0;
			defaultConfigurationName = Release;
		};
		40626CA7220188BF00A8E74B /* Build configuration list for PBXNativeTarget "GeofencingSlate" */ = {
			isa = XCConfigurationList;
			buildConfigurations = (
				40626CA8220188BF00A8E74B /* Debug */,
				40626CA9220188BF00A8E74B /* Release */,
			);
			defaultConfigurationIsVisible = 0;
			defaultConfigurationName = Release;
		};
/* End XCConfigurationList section */
	};
	rootObject = 40626C8D220188BD00A8E74B /* Project object */;
}
